PODS:
  - PodAsset (0.12.0)
  - SHViewPager (2.0.2):
    - PodAsset

DEPENDENCIES:
  - PodAsset
  - SHViewPager (from `../`)

EXTERNAL SOURCES:
  SHViewPager:
    :path: "../"

SPEC CHECKSUMS:
  PodAsset: d6e724524e63725ef0c579354819ccc2dcbcf920
  SHViewPager: 7ef7933654feb65b91e25d2d26f2444689a6d3c3

PODFILE CHECKSUM: 3c7fca56e497210f27fc2c8fefc7312a9b01fbb0

COCOAPODS: 1.0.1
