PODS:
  - PodAsset (0.12.0)
  - SHViewPager (2.0.6):
    - PodAsset

DEPENDENCIES:
  - PodAsset
  - SHViewPager (from `../`)

EXTERNAL SOURCES:
  SHViewPager:
    :path: "../"

SPEC CHECKSUMS:
  PodAsset: d6e724524e63725ef0c579354819ccc2dcbcf920
  SHViewPager: 1c41a50a1ae04aa82d017f277f5f26cca086af71

PODFILE CHECKSUM: c1f001dba92a74283bd322de21e4a0a4b2f2c062

COCOAPODS: 1.0.1
