// !$*UTF8*$!
{
	archiveVersion = 1;
	classes = {
	};
	objectVersion = 46;
	objects = {

/* Begin PBXBuildFile section */
		F0041AAA19252D7E0093FEAB /* Foundation.framework in Frameworks */ = {isa = PBXBuildFile; fileRef = F0041AA919252D7E0093FEAB /* Foundation.framework */; };
		F0041AAC19252D7E0093FEAB /* CoreGraphics.framework in Frameworks */ = {isa = PBXBuildFile; fileRef = F0041AAB19252D7E0093FEAB /* CoreGraphics.framework */; };
		F0041AAE19252D7E0093FEAB /* UIKit.framework in Frameworks */ = {isa = PBXBuildFile; fileRef = F0041AAD19252D7E0093FEAB /* UIKit.framework */; };
		F0041AB419252D7E0093FEAB /* InfoPlist.strings in Resources */ = {isa = PBXBuildFile; fileRef = F0041AB219252D7E0093FEAB /* InfoPlist.strings */; };
		F0041AB619252D7E0093FEAB /* main.m in Sources */ = {isa = PBXBuildFile; fileRef = F0041AB519252D7E0093FEAB /* main.m */; };
		F0041ABA19252D7E0093FEAB /* SHAppDelegate.m in Sources */ = {isa = PBXBuildFile; fileRef = F0041AB919252D7E0093FEAB /* SHAppDelegate.m */; };
		F0041ABC19252D7E0093FEAB /* Images.xcassets in Resources */ = {isa = PBXBuildFile; fileRef = F0041ABB19252D7E0093FEAB /* Images.xcassets */; };
		F0041AC319252D7E0093FEAB /* XCTest.framework in Frameworks */ = {isa = PBXBuildFile; fileRef = F0041AC219252D7E0093FEAB /* XCTest.framework */; };
		F0041AC419252D7E0093FEAB /* Foundation.framework in Frameworks */ = {isa = PBXBuildFile; fileRef = F0041AA919252D7E0093FEAB /* Foundation.framework */; };
		F0041AC519252D7E0093FEAB /* UIKit.framework in Frameworks */ = {isa = PBXBuildFile; fileRef = F0041AAD19252D7E0093FEAB /* UIKit.framework */; };
		F0041ACD19252D7E0093FEAB /* InfoPlist.strings in Resources */ = {isa = PBXBuildFile; fileRef = F0041ACB19252D7E0093FEAB /* InfoPlist.strings */; };
		F0041ACF19252D7E0093FEAB /* SHViewPagerExampleTests.m in Sources */ = {isa = PBXBuildFile; fileRef = F0041ACE19252D7E0093FEAB /* SHViewPagerExampleTests.m */; };
		F0041ADD19252E200093FEAB /* SHViewPager.m in Sources */ = {isa = PBXBuildFile; fileRef = F0041ADA19252E200093FEAB /* SHViewPager.m */; };
		F0041ADE19252E200093FEAB /* SHViewPagerController.m in Sources */ = {isa = PBXBuildFile; fileRef = F0041ADC19252E200093FEAB /* SHViewPagerController.m */; };
		F0041AE119252E350093FEAB /* horizontal_line@2x.png in Resources */ = {isa = PBXBuildFile; fileRef = F0041AE019252E350093FEAB /* horizontal_line@2x.png */; };
		F0041AE619252E730093FEAB /* SHImplementaion1VC.m in Sources */ = {isa = PBXBuildFile; fileRef = F0041AE419252E730093FEAB /* SHImplementaion1VC.m */; };
		F0041AE719252E730093FEAB /* SHImplementaion1VC.xib in Resources */ = {isa = PBXBuildFile; fileRef = F0041AE519252E730093FEAB /* SHImplementaion1VC.xib */; };
		F0041AEC19252E9D0093FEAB /* SHImplementaion2VC.m in Sources */ = {isa = PBXBuildFile; fileRef = F0041AEA19252E9D0093FEAB /* SHImplementaion2VC.m */; };
		F0041AED19252E9D0093FEAB /* SHImplementaion2VC.xib in Resources */ = {isa = PBXBuildFile; fileRef = F0041AEB19252E9D0093FEAB /* SHImplementaion2VC.xib */; };
		F0041AF119252EC70093FEAB /* SHImplementaion3VC.m in Sources */ = {isa = PBXBuildFile; fileRef = F0041AEF19252EC70093FEAB /* SHImplementaion3VC.m */; };
		F0041AF219252EC70093FEAB /* SHImplementaion3VC.xib in Resources */ = {isa = PBXBuildFile; fileRef = F0041AF019252EC70093FEAB /* SHImplementaion3VC.xib */; };
		F0041AFE19253B190093FEAB /* SHContentVC.m in Sources */ = {isa = PBXBuildFile; fileRef = F0041AFC19253B190093FEAB /* SHContentVC.m */; };
		F0041AFF19253B190093FEAB /* SHContentVC.xib in Resources */ = {isa = PBXBuildFile; fileRef = F0041AFD19253B190093FEAB /* SHContentVC.xib */; };
		F0041B12192553570093FEAB /* menu1_h@2x.png in Resources */ = {isa = PBXBuildFile; fileRef = F0041B00192553560093FEAB /* menu1_h@2x.png */; };
		F0041B13192553570093FEAB /* menu1@2x.png in Resources */ = {isa = PBXBuildFile; fileRef = F0041B01192553560093FEAB /* menu1@2x.png */; };
		F0041B14192553570093FEAB /* menu2_h@2x.png in Resources */ = {isa = PBXBuildFile; fileRef = F0041B02192553560093FEAB /* menu2_h@2x.png */; };
		F0041B15192553570093FEAB /* menu2@2x.png in Resources */ = {isa = PBXBuildFile; fileRef = F0041B03192553560093FEAB /* menu2@2x.png */; };
		F0041B16192553570093FEAB /* menu3_h@2x.png in Resources */ = {isa = PBXBuildFile; fileRef = F0041B04192553560093FEAB /* menu3_h@2x.png */; };
		F0041B17192553570093FEAB /* menu3@2x.png in Resources */ = {isa = PBXBuildFile; fileRef = F0041B05192553560093FEAB /* menu3@2x.png */; };
		F0041B18192553570093FEAB /* menu4_h@2x.png in Resources */ = {isa = PBXBuildFile; fileRef = F0041B06192553560093FEAB /* menu4_h@2x.png */; };
		F0041B19192553570093FEAB /* menu4@2x.png in Resources */ = {isa = PBXBuildFile; fileRef = F0041B07192553560093FEAB /* menu4@2x.png */; };
		F0041B1A192553570093FEAB /* menu5_h@2x.png in Resources */ = {isa = PBXBuildFile; fileRef = F0041B08192553560093FEAB /* menu5_h@2x.png */; };
		F0041B1B192553570093FEAB /* menu5@2x.png in Resources */ = {isa = PBXBuildFile; fileRef = F0041B09192553570093FEAB /* menu5@2x.png */; };
		F0041B1C192553570093FEAB /* menu6_h@2x.png in Resources */ = {isa = PBXBuildFile; fileRef = F0041B0A192553570093FEAB /* menu6_h@2x.png */; };
		F0041B1D192553570093FEAB /* menu6@2x.png in Resources */ = {isa = PBXBuildFile; fileRef = F0041B0B192553570093FEAB /* menu6@2x.png */; };
		F0041B1E192553570093FEAB /* menu7_h@2x.png in Resources */ = {isa = PBXBuildFile; fileRef = F0041B0C192553570093FEAB /* menu7_h@2x.png */; };
		F0041B1F192553570093FEAB /* menu7@2x.png in Resources */ = {isa = PBXBuildFile; fileRef = F0041B0D192553570093FEAB /* menu7@2x.png */; };
		F0041B20192553570093FEAB /* menu8_h@2x.png in Resources */ = {isa = PBXBuildFile; fileRef = F0041B0E192553570093FEAB /* menu8_h@2x.png */; };
		F0041B21192553570093FEAB /* menu8@2x.png in Resources */ = {isa = PBXBuildFile; fileRef = F0041B0F192553570093FEAB /* menu8@2x.png */; };
		F0041B22192553570093FEAB /* menu9_h@2x.png in Resources */ = {isa = PBXBuildFile; fileRef = F0041B10192553570093FEAB /* menu9_h@2x.png */; };
		F0041B23192553570093FEAB /* menu9@2x.png in Resources */ = {isa = PBXBuildFile; fileRef = F0041B11192553570093FEAB /* menu9@2x.png */; };
		F0041B251925686F0093FEAB /* horizontal_line_moving@2x.png in Resources */ = {isa = PBXBuildFile; fileRef = F0041B241925686F0093FEAB /* horizontal_line_moving@2x.png */; };
		F06077DD1D507C79004D9186 /* .gitignore in Resources */ = {isa = PBXBuildFile; fileRef = F06077DC1D507C79004D9186 /* .gitignore */; };
		F0669485195D99DB0069E566 /* SHBugCheckVC.m in Sources */ = {isa = PBXBuildFile; fileRef = F0669483195D99DB0069E566 /* SHBugCheckVC.m */; };
		F0669486195D99DB0069E566 /* SHBugCheckVC.xib in Resources */ = {isa = PBXBuildFile; fileRef = F0669484195D99DB0069E566 /* SHBugCheckVC.xib */; };
/* End PBXBuildFile section */

/* Begin PBXContainerItemProxy section */
		F0041AC619252D7E0093FEAB /* PBXContainerItemProxy */ = {
			isa = PBXContainerItemProxy;
			containerPortal = F0041A9E19252D7D0093FEAB /* Project object */;
			proxyType = 1;
			remoteGlobalIDString = F0041AA519252D7E0093FEAB;
			remoteInfo = SHViewPagerExample;
		};
/* End PBXContainerItemProxy section */

/* Begin PBXFileReference section */
		F0041AA619252D7E0093FEAB /* SHViewPagerExample.app */ = {isa = PBXFileReference; explicitFileType = wrapper.application; includeInIndex = 0; path = SHViewPagerExample.app; sourceTree = BUILT_PRODUCTS_DIR; };
		F0041AA919252D7E0093FEAB /* Foundation.framework */ = {isa = PBXFileReference; lastKnownFileType = wrapper.framework; name = Foundation.framework; path = System/Library/Frameworks/Foundation.framework; sourceTree = SDKROOT; };
		F0041AAB19252D7E0093FEAB /* CoreGraphics.framework */ = {isa = PBXFileReference; lastKnownFileType = wrapper.framework; name = CoreGraphics.framework; path = System/Library/Frameworks/CoreGraphics.framework; sourceTree = SDKROOT; };
		F0041AAD19252D7E0093FEAB /* UIKit.framework */ = {isa = PBXFileReference; lastKnownFileType = wrapper.framework; name = UIKit.framework; path = System/Library/Frameworks/UIKit.framework; sourceTree = SDKROOT; };
		F0041AB119252D7E0093FEAB /* SHViewPagerExample-Info.plist */ = {isa = PBXFileReference; lastKnownFileType = text.plist.xml; path = "SHViewPagerExample-Info.plist"; sourceTree = "<group>"; };
		F0041AB319252D7E0093FEAB /* en */ = {isa = PBXFileReference; lastKnownFileType = text.plist.strings; name = en; path = en.lproj/InfoPlist.strings; sourceTree = "<group>"; };
		F0041AB519252D7E0093FEAB /* main.m */ = {isa = PBXFileReference; lastKnownFileType = sourcecode.c.objc; path = main.m; sourceTree = "<group>"; };
		F0041AB719252D7E0093FEAB /* SHViewPagerExample-Prefix.pch */ = {isa = PBXFileReference; lastKnownFileType = sourcecode.c.h; path = "SHViewPagerExample-Prefix.pch"; sourceTree = "<group>"; };
		F0041AB819252D7E0093FEAB /* SHAppDelegate.h */ = {isa = PBXFileReference; lastKnownFileType = sourcecode.c.h; path = SHAppDelegate.h; sourceTree = "<group>"; };
		F0041AB919252D7E0093FEAB /* SHAppDelegate.m */ = {isa = PBXFileReference; lastKnownFileType = sourcecode.c.objc; path = SHAppDelegate.m; sourceTree = "<group>"; };
		F0041ABB19252D7E0093FEAB /* Images.xcassets */ = {isa = PBXFileReference; lastKnownFileType = folder.assetcatalog; path = Images.xcassets; sourceTree = "<group>"; };
		F0041AC119252D7E0093FEAB /* SHViewPagerExampleTests.xctest */ = {isa = PBXFileReference; explicitFileType = wrapper.cfbundle; includeInIndex = 0; path = SHViewPagerExampleTests.xctest; sourceTree = BUILT_PRODUCTS_DIR; };
		F0041AC219252D7E0093FEAB /* XCTest.framework */ = {isa = PBXFileReference; lastKnownFileType = wrapper.framework; name = XCTest.framework; path = Library/Frameworks/XCTest.framework; sourceTree = DEVELOPER_DIR; };
		F0041ACA19252D7E0093FEAB /* SHViewPagerExampleTests-Info.plist */ = {isa = PBXFileReference; lastKnownFileType = text.plist.xml; path = "SHViewPagerExampleTests-Info.plist"; sourceTree = "<group>"; };
		F0041ACC19252D7E0093FEAB /* en */ = {isa = PBXFileReference; lastKnownFileType = text.plist.strings; name = en; path = en.lproj/InfoPlist.strings; sourceTree = "<group>"; };
		F0041ACE19252D7E0093FEAB /* SHViewPagerExampleTests.m */ = {isa = PBXFileReference; lastKnownFileType = sourcecode.c.objc; path = SHViewPagerExampleTests.m; sourceTree = "<group>"; };
		F0041AD919252E200093FEAB /* SHViewPager.h */ = {isa = PBXFileReference; fileEncoding = 4; lastKnownFileType = sourcecode.c.h; path = SHViewPager.h; sourceTree = "<group>"; };
		F0041ADA19252E200093FEAB /* SHViewPager.m */ = {isa = PBXFileReference; fileEncoding = 4; lastKnownFileType = sourcecode.c.objc; path = SHViewPager.m; sourceTree = "<group>"; };
		F0041ADB19252E200093FEAB /* SHViewPagerController.h */ = {isa = PBXFileReference; fileEncoding = 4; lastKnownFileType = sourcecode.c.h; path = SHViewPagerController.h; sourceTree = "<group>"; };
		F0041ADC19252E200093FEAB /* SHViewPagerController.m */ = {isa = PBXFileReference; fileEncoding = 4; lastKnownFileType = sourcecode.c.objc; path = SHViewPagerController.m; sourceTree = "<group>"; };
		F0041AE019252E350093FEAB /* horizontal_line@2x.png */ = {isa = PBXFileReference; lastKnownFileType = image.png; path = "horizontal_line@2x.png"; sourceTree = "<group>"; };
		F0041AE319252E730093FEAB /* SHImplementaion1VC.h */ = {isa = PBXFileReference; fileEncoding = 4; lastKnownFileType = sourcecode.c.h; path = SHImplementaion1VC.h; sourceTree = "<group>"; };
		F0041AE419252E730093FEAB /* SHImplementaion1VC.m */ = {isa = PBXFileReference; fileEncoding = 4; lastKnownFileType = sourcecode.c.objc; path = SHImplementaion1VC.m; sourceTree = "<group>"; };
		F0041AE519252E730093FEAB /* SHImplementaion1VC.xib */ = {isa = PBXFileReference; fileEncoding = 4; lastKnownFileType = file.xib; path = SHImplementaion1VC.xib; sourceTree = "<group>"; };
		F0041AE919252E9D0093FEAB /* SHImplementaion2VC.h */ = {isa = PBXFileReference; fileEncoding = 4; lastKnownFileType = sourcecode.c.h; path = SHImplementaion2VC.h; sourceTree = "<group>"; };
		F0041AEA19252E9D0093FEAB /* SHImplementaion2VC.m */ = {isa = PBXFileReference; fileEncoding = 4; lastKnownFileType = sourcecode.c.objc; path = SHImplementaion2VC.m; sourceTree = "<group>"; };
		F0041AEB19252E9D0093FEAB /* SHImplementaion2VC.xib */ = {isa = PBXFileReference; fileEncoding = 4; lastKnownFileType = file.xib; path = SHImplementaion2VC.xib; sourceTree = "<group>"; };
		F0041AEE19252EC70093FEAB /* SHImplementaion3VC.h */ = {isa = PBXFileReference; fileEncoding = 4; lastKnownFileType = sourcecode.c.h; path = SHImplementaion3VC.h; sourceTree = "<group>"; };
		F0041AEF19252EC70093FEAB /* SHImplementaion3VC.m */ = {isa = PBXFileReference; fileEncoding = 4; lastKnownFileType = sourcecode.c.objc; path = SHImplementaion3VC.m; sourceTree = "<group>"; };
		F0041AF019252EC70093FEAB /* SHImplementaion3VC.xib */ = {isa = PBXFileReference; fileEncoding = 4; lastKnownFileType = file.xib; path = SHImplementaion3VC.xib; sourceTree = "<group>"; };
		F0041AFB19253B190093FEAB /* SHContentVC.h */ = {isa = PBXFileReference; fileEncoding = 4; lastKnownFileType = sourcecode.c.h; path = SHContentVC.h; sourceTree = "<group>"; };
		F0041AFC19253B190093FEAB /* SHContentVC.m */ = {isa = PBXFileReference; fileEncoding = 4; lastKnownFileType = sourcecode.c.objc; path = SHContentVC.m; sourceTree = "<group>"; };
		F0041AFD19253B190093FEAB /* SHContentVC.xib */ = {isa = PBXFileReference; fileEncoding = 4; lastKnownFileType = file.xib; path = SHContentVC.xib; sourceTree = "<group>"; };
		F0041B00192553560093FEAB /* menu1_h@2x.png */ = {isa = PBXFileReference; lastKnownFileType = image.png; path = "menu1_h@2x.png"; sourceTree = "<group>"; };
		F0041B01192553560093FEAB /* menu1@2x.png */ = {isa = PBXFileReference; lastKnownFileType = image.png; path = "menu1@2x.png"; sourceTree = "<group>"; };
		F0041B02192553560093FEAB /* menu2_h@2x.png */ = {isa = PBXFileReference; lastKnownFileType = image.png; path = "menu2_h@2x.png"; sourceTree = "<group>"; };
		F0041B03192553560093FEAB /* menu2@2x.png */ = {isa = PBXFileReference; lastKnownFileType = image.png; path = "menu2@2x.png"; sourceTree = "<group>"; };
		F0041B04192553560093FEAB /* menu3_h@2x.png */ = {isa = PBXFileReference; lastKnownFileType = image.png; path = "menu3_h@2x.png"; sourceTree = "<group>"; };
		F0041B05192553560093FEAB /* menu3@2x.png */ = {isa = PBXFileReference; lastKnownFileType = image.png; path = "menu3@2x.png"; sourceTree = "<group>"; };
		F0041B06192553560093FEAB /* menu4_h@2x.png */ = {isa = PBXFileReference; lastKnownFileType = image.png; path = "menu4_h@2x.png"; sourceTree = "<group>"; };
		F0041B07192553560093FEAB /* menu4@2x.png */ = {isa = PBXFileReference; lastKnownFileType = image.png; path = "menu4@2x.png"; sourceTree = "<group>"; };
		F0041B08192553560093FEAB /* menu5_h@2x.png */ = {isa = PBXFileReference; lastKnownFileType = image.png; path = "menu5_h@2x.png"; sourceTree = "<group>"; };
		F0041B09192553570093FEAB /* menu5@2x.png */ = {isa = PBXFileReference; lastKnownFileType = image.png; path = "menu5@2x.png"; sourceTree = "<group>"; };
		F0041B0A192553570093FEAB /* menu6_h@2x.png */ = {isa = PBXFileReference; lastKnownFileType = image.png; path = "menu6_h@2x.png"; sourceTree = "<group>"; };
		F0041B0B192553570093FEAB /* menu6@2x.png */ = {isa = PBXFileReference; lastKnownFileType = image.png; path = "menu6@2x.png"; sourceTree = "<group>"; };
		F0041B0C192553570093FEAB /* menu7_h@2x.png */ = {isa = PBXFileReference; lastKnownFileType = image.png; path = "menu7_h@2x.png"; sourceTree = "<group>"; };
		F0041B0D192553570093FEAB /* menu7@2x.png */ = {isa = PBXFileReference; lastKnownFileType = image.png; path = "menu7@2x.png"; sourceTree = "<group>"; };
		F0041B0E192553570093FEAB /* menu8_h@2x.png */ = {isa = PBXFileReference; lastKnownFileType = image.png; path = "menu8_h@2x.png"; sourceTree = "<group>"; };
		F0041B0F192553570093FEAB /* menu8@2x.png */ = {isa = PBXFileReference; lastKnownFileType = image.png; path = "menu8@2x.png"; sourceTree = "<group>"; };
		F0041B10192553570093FEAB /* menu9_h@2x.png */ = {isa = PBXFileReference; lastKnownFileType = image.png; path = "menu9_h@2x.png"; sourceTree = "<group>"; };
		F0041B11192553570093FEAB /* menu9@2x.png */ = {isa = PBXFileReference; lastKnownFileType = image.png; path = "menu9@2x.png"; sourceTree = "<group>"; };
		F0041B241925686F0093FEAB /* horizontal_line_moving@2x.png */ = {isa = PBXFileReference; lastKnownFileType = image.png; path = "horizontal_line_moving@2x.png"; sourceTree = "<group>"; };
		F06077DC1D507C79004D9186 /* .gitignore */ = {isa = PBXFileReference; fileEncoding = 4; lastKnownFileType = text; path = .gitignore; sourceTree = "<group>"; };
		F0669482195D99DB0069E566 /* SHBugCheckVC.h */ = {isa = PBXFileReference; fileEncoding = 4; lastKnownFileType = sourcecode.c.h; path = SHBugCheckVC.h; sourceTree = "<group>"; };
		F0669483195D99DB0069E566 /* SHBugCheckVC.m */ = {isa = PBXFileReference; fileEncoding = 4; lastKnownFileType = sourcecode.c.objc; path = SHBugCheckVC.m; sourceTree = "<group>"; };
		F0669484195D99DB0069E566 /* SHBugCheckVC.xib */ = {isa = PBXFileReference; fileEncoding = 4; lastKnownFileType = file.xib; path = SHBugCheckVC.xib; sourceTree = "<group>"; };
/* End PBXFileReference section */

/* Begin PBXFrameworksBuildPhase section */
		F0041AA319252D7E0093FEAB /* Frameworks */ = {
			isa = PBXFrameworksBuildPhase;
			buildActionMask = 2147483647;
			files = (
				F0041AAC19252D7E0093FEAB /* CoreGraphics.framework in Frameworks */,
				F0041AAE19252D7E0093FEAB /* UIKit.framework in Frameworks */,
				F0041AAA19252D7E0093FEAB /* Foundation.framework in Frameworks */,
			);
			runOnlyForDeploymentPostprocessing = 0;
		};
		F0041ABE19252D7E0093FEAB /* Frameworks */ = {
			isa = PBXFrameworksBuildPhase;
			buildActionMask = 2147483647;
			files = (
				F0041AC319252D7E0093FEAB /* XCTest.framework in Frameworks */,
				F0041AC519252D7E0093FEAB /* UIKit.framework in Frameworks */,
				F0041AC419252D7E0093FEAB /* Foundation.framework in Frameworks */,
			);
			runOnlyForDeploymentPostprocessing = 0;
		};
/* End PBXFrameworksBuildPhase section */

/* Begin PBXGroup section */
		F0041A9D19252D7D0093FEAB = {
			isa = PBXGroup;
			children = (
				F06077DC1D507C79004D9186 /* .gitignore */,
				F0041ADF19252E350093FEAB /* Images */,
				F0041AD819252E200093FEAB /* SHViewPager */,
				F0041AAF19252D7E0093FEAB /* SHViewPagerExample */,
				F0041AC819252D7E0093FEAB /* SHViewPagerExampleTests */,
				F0041AA819252D7E0093FEAB /* Frameworks */,
				F0041AA719252D7E0093FEAB /* Products */,
			);
			sourceTree = "<group>";
		};
		F0041AA719252D7E0093FEAB /* Products */ = {
			isa = PBXGroup;
			children = (
				F0041AA619252D7E0093FEAB /* SHViewPagerExample.app */,
				F0041AC119252D7E0093FEAB /* SHViewPagerExampleTests.xctest */,
			);
			name = Products;
			sourceTree = "<group>";
		};
		F0041AA819252D7E0093FEAB /* Frameworks */ = {
			isa = PBXGroup;
			children = (
				F0041AA919252D7E0093FEAB /* Foundation.framework */,
				F0041AAB19252D7E0093FEAB /* CoreGraphics.framework */,
				F0041AAD19252D7E0093FEAB /* UIKit.framework */,
				F0041AC219252D7E0093FEAB /* XCTest.framework */,
			);
			name = Frameworks;
			sourceTree = "<group>";
		};
		F0041AAF19252D7E0093FEAB /* SHViewPagerExample */ = {
			isa = PBXGroup;
			children = (
				F0669481195D99AE0069E566 /* Push Bug Check */,
				F0041AFA19253AF90093FEAB /* Content */,
				F0041AF319252ECF0093FEAB /* Example 3 */,
				F0041AE819252E850093FEAB /* Example 2 */,
				F0041AE219252E4F0093FEAB /* Example 1 */,
				F0041AB819252D7E0093FEAB /* SHAppDelegate.h */,
				F0041AB919252D7E0093FEAB /* SHAppDelegate.m */,
				F0041ABB19252D7E0093FEAB /* Images.xcassets */,
				F0041AB019252D7E0093FEAB /* Supporting Files */,
			);
			path = SHViewPagerExample;
			sourceTree = "<group>";
		};
		F0041AB019252D7E0093FEAB /* Supporting Files */ = {
			isa = PBXGroup;
			children = (
				F0041AB119252D7E0093FEAB /* SHViewPagerExample-Info.plist */,
				F0041AB219252D7E0093FEAB /* InfoPlist.strings */,
				F0041AB519252D7E0093FEAB /* main.m */,
				F0041AB719252D7E0093FEAB /* SHViewPagerExample-Prefix.pch */,
			);
			name = "Supporting Files";
			sourceTree = "<group>";
		};
		F0041AC819252D7E0093FEAB /* SHViewPagerExampleTests */ = {
			isa = PBXGroup;
			children = (
				F0041ACE19252D7E0093FEAB /* SHViewPagerExampleTests.m */,
				F0041AC919252D7E0093FEAB /* Supporting Files */,
			);
			path = SHViewPagerExampleTests;
			sourceTree = "<group>";
		};
		F0041AC919252D7E0093FEAB /* Supporting Files */ = {
			isa = PBXGroup;
			children = (
				F0041ACA19252D7E0093FEAB /* SHViewPagerExampleTests-Info.plist */,
				F0041ACB19252D7E0093FEAB /* InfoPlist.strings */,
			);
			name = "Supporting Files";
			sourceTree = "<group>";
		};
		F0041AD819252E200093FEAB /* SHViewPager */ = {
			isa = PBXGroup;
			children = (
				F0041AD919252E200093FEAB /* SHViewPager.h */,
				F0041ADA19252E200093FEAB /* SHViewPager.m */,
				F0041ADB19252E200093FEAB /* SHViewPagerController.h */,
				F0041ADC19252E200093FEAB /* SHViewPagerController.m */,
			);
			path = SHViewPager;
			sourceTree = "<group>";
		};
		F0041ADF19252E350093FEAB /* Images */ = {
			isa = PBXGroup;
			children = (
				F0041B00192553560093FEAB /* menu1_h@2x.png */,
				F0041B01192553560093FEAB /* menu1@2x.png */,
				F0041B02192553560093FEAB /* menu2_h@2x.png */,
				F0041B03192553560093FEAB /* menu2@2x.png */,
				F0041B04192553560093FEAB /* menu3_h@2x.png */,
				F0041B05192553560093FEAB /* menu3@2x.png */,
				F0041B06192553560093FEAB /* menu4_h@2x.png */,
				F0041B07192553560093FEAB /* menu4@2x.png */,
				F0041B08192553560093FEAB /* menu5_h@2x.png */,
				F0041B09192553570093FEAB /* menu5@2x.png */,
				F0041B0A192553570093FEAB /* menu6_h@2x.png */,
				F0041B0B192553570093FEAB /* menu6@2x.png */,
				F0041B0C192553570093FEAB /* menu7_h@2x.png */,
				F0041B0D192553570093FEAB /* menu7@2x.png */,
				F0041B0E192553570093FEAB /* menu8_h@2x.png */,
				F0041B0F192553570093FEAB /* menu8@2x.png */,
				F0041B10192553570093FEAB /* menu9_h@2x.png */,
				F0041B11192553570093FEAB /* menu9@2x.png */,
				F0041AE019252E350093FEAB /* horizontal_line@2x.png */,
				F0041B241925686F0093FEAB /* horizontal_line_moving@2x.png */,
			);
			name = Images;
			path = SHViewPagerExample/Images;
			sourceTree = "<group>";
		};
		F0041AE219252E4F0093FEAB /* Example 1 */ = {
			isa = PBXGroup;
			children = (
				F0041AE319252E730093FEAB /* SHImplementaion1VC.h */,
				F0041AE419252E730093FEAB /* SHImplementaion1VC.m */,
				F0041AE519252E730093FEAB /* SHImplementaion1VC.xib */,
			);
			name = "Example 1";
			sourceTree = "<group>";
		};
		F0041AE819252E850093FEAB /* Example 2 */ = {
			isa = PBXGroup;
			children = (
				F0041AE919252E9D0093FEAB /* SHImplementaion2VC.h */,
				F0041AEA19252E9D0093FEAB /* SHImplementaion2VC.m */,
				F0041AEB19252E9D0093FEAB /* SHImplementaion2VC.xib */,
			);
			name = "Example 2";
			sourceTree = "<group>";
		};
		F0041AF319252ECF0093FEAB /* Example 3 */ = {
			isa = PBXGroup;
			children = (
				F0041AEE19252EC70093FEAB /* SHImplementaion3VC.h */,
				F0041AEF19252EC70093FEAB /* SHImplementaion3VC.m */,
				F0041AF019252EC70093FEAB /* SHImplementaion3VC.xib */,
			);
			name = "Example 3";
			sourceTree = "<group>";
		};
		F0041AFA19253AF90093FEAB /* Content */ = {
			isa = PBXGroup;
			children = (
				F0041AFB19253B190093FEAB /* SHContentVC.h */,
				F0041AFC19253B190093FEAB /* SHContentVC.m */,
				F0041AFD19253B190093FEAB /* SHContentVC.xib */,
			);
			name = Content;
			sourceTree = "<group>";
		};
		F0669481195D99AE0069E566 /* Push Bug Check */ = {
			isa = PBXGroup;
			children = (
				F0669482195D99DB0069E566 /* SHBugCheckVC.h */,
				F0669483195D99DB0069E566 /* SHBugCheckVC.m */,
				F0669484195D99DB0069E566 /* SHBugCheckVC.xib */,
			);
			name = "Push Bug Check";
			sourceTree = "<group>";
		};
/* End PBXGroup section */

/* Begin PBXNativeTarget section */
		F0041AA519252D7E0093FEAB /* SHViewPagerExample */ = {
			isa = PBXNativeTarget;
			buildConfigurationList = F0041AD219252D7E0093FEAB /* Build configuration list for PBXNativeTarget "SHViewPagerExample" */;
			buildPhases = (
				F0041AA219252D7E0093FEAB /* Sources */,
				F0041AA319252D7E0093FEAB /* Frameworks */,
				F0041AA419252D7E0093FEAB /* Resources */,
			);
			buildRules = (
			);
			dependencies = (
			);
			name = SHViewPagerExample;
			productName = SHViewPagerExample;
			productReference = F0041AA619252D7E0093FEAB /* SHViewPagerExample.app */;
			productType = "com.apple.product-type.application";
		};
		F0041AC019252D7E0093FEAB /* SHViewPagerExampleTests */ = {
			isa = PBXNativeTarget;
			buildConfigurationList = F0041AD519252D7E0093FEAB /* Build configuration list for PBXNativeTarget "SHViewPagerExampleTests" */;
			buildPhases = (
				F0041ABD19252D7E0093FEAB /* Sources */,
				F0041ABE19252D7E0093FEAB /* Frameworks */,
				F0041ABF19252D7E0093FEAB /* Resources */,
			);
			buildRules = (
			);
			dependencies = (
				F0041AC719252D7E0093FEAB /* PBXTargetDependency */,
			);
			name = SHViewPagerExampleTests;
			productName = SHViewPagerExampleTests;
			productReference = F0041AC119252D7E0093FEAB /* SHViewPagerExampleTests.xctest */;
			productType = "com.apple.product-type.bundle.unit-test";
		};
/* End PBXNativeTarget section */

/* Begin PBXProject section */
		F0041A9E19252D7D0093FEAB /* Project object */ = {
			isa = PBXProject;
			attributes = {
				CLASSPREFIX = SH;
				LastUpgradeCheck = 0730;
				ORGANIZATIONNAME = "shabib hossain";
				TargetAttributes = {
					F0041AC019252D7E0093FEAB = {
						TestTargetID = F0041AA519252D7E0093FEAB;
					};
				};
			};
			buildConfigurationList = F0041AA119252D7D0093FEAB /* Build configuration list for PBXProject "SHViewPagerExample" */;
			compatibilityVersion = "Xcode 3.2";
			developmentRegion = English;
			hasScannedForEncodings = 0;
			knownRegions = (
				en,
			);
			mainGroup = F0041A9D19252D7D0093FEAB;
			productRefGroup = F0041AA719252D7E0093FEAB /* Products */;
			projectDirPath = "";
			projectRoot = "";
			targets = (
				F0041AA519252D7E0093FEAB /* SHViewPagerExample */,
				F0041AC019252D7E0093FEAB /* SHViewPagerExampleTests */,
			);
		};
/* End PBXProject section */

/* Begin PBXResourcesBuildPhase section */
		F0041AA419252D7E0093FEAB /* Resources */ = {
			isa = PBXResourcesBuildPhase;
			buildActionMask = 2147483647;
			files = (
				F0041B15192553570093FEAB /* menu2@2x.png in Resources */,
				F0041B12192553570093FEAB /* menu1_h@2x.png in Resources */,
				F0669486195D99DB0069E566 /* SHBugCheckVC.xib in Resources */,
				F0041B14192553570093FEAB /* menu2_h@2x.png in Resources */,
				F0041B1D192553570093FEAB /* menu6@2x.png in Resources */,
				F0041B13192553570093FEAB /* menu1@2x.png in Resources */,
				F0041AED19252E9D0093FEAB /* SHImplementaion2VC.xib in Resources */,
				F0041B23192553570093FEAB /* menu9@2x.png in Resources */,
				F06077DD1D507C79004D9186 /* .gitignore in Resources */,
				F0041AE119252E350093FEAB /* horizontal_line@2x.png in Resources */,
				F0041B20192553570093FEAB /* menu8_h@2x.png in Resources */,
				F0041B22192553570093FEAB /* menu9_h@2x.png in Resources */,
				F0041B16192553570093FEAB /* menu3_h@2x.png in Resources */,
				F0041B1C192553570093FEAB /* menu6_h@2x.png in Resources */,
				F0041B1F192553570093FEAB /* menu7@2x.png in Resources */,
				F0041AFF19253B190093FEAB /* SHContentVC.xib in Resources */,
				F0041AB419252D7E0093FEAB /* InfoPlist.strings in Resources */,
				F0041B21192553570093FEAB /* menu8@2x.png in Resources */,
				F0041AE719252E730093FEAB /* SHImplementaion1VC.xib in Resources */,
				F0041B1B192553570093FEAB /* menu5@2x.png in Resources */,
				F0041B251925686F0093FEAB /* horizontal_line_moving@2x.png in Resources */,
				F0041AF219252EC70093FEAB /* SHImplementaion3VC.xib in Resources */,
				F0041B18192553570093FEAB /* menu4_h@2x.png in Resources */,
				F0041B1A192553570093FEAB /* menu5_h@2x.png in Resources */,
				F0041B19192553570093FEAB /* menu4@2x.png in Resources */,
				F0041B17192553570093FEAB /* menu3@2x.png in Resources */,
				F0041B1E192553570093FEAB /* menu7_h@2x.png in Resources */,
				F0041ABC19252D7E0093FEAB /* Images.xcassets in Resources */,
			);
			runOnlyForDeploymentPostprocessing = 0;
		};
		F0041ABF19252D7E0093FEAB /* Resources */ = {
			isa = PBXResourcesBuildPhase;
			buildActionMask = 2147483647;
			files = (
				F0041ACD19252D7E0093FEAB /* InfoPlist.strings in Resources */,
			);
			runOnlyForDeploymentPostprocessing = 0;
		};
/* End PBXResourcesBuildPhase section */

/* Begin PBXSourcesBuildPhase section */
		F0041AA219252D7E0093FEAB /* Sources */ = {
			isa = PBXSourcesBuildPhase;
			buildActionMask = 2147483647;
			files = (
				F0041AE619252E730093FEAB /* SHImplementaion1VC.m in Sources */,
				F0041ADD19252E200093FEAB /* SHViewPager.m in Sources */,
				F0041AB619252D7E0093FEAB /* main.m in Sources */,
				F0041ABA19252D7E0093FEAB /* SHAppDelegate.m in Sources */,
				F0041ADE19252E200093FEAB /* SHViewPagerController.m in Sources */,
				F0041AF119252EC70093FEAB /* SHImplementaion3VC.m in Sources */,
				F0041AEC19252E9D0093FEAB /* SHImplementaion2VC.m in Sources */,
				F0669485195D99DB0069E566 /* SHBugCheckVC.m in Sources */,
				F0041AFE19253B190093FEAB /* SHContentVC.m in Sources */,
			);
			runOnlyForDeploymentPostprocessing = 0;
		};
		F0041ABD19252D7E0093FEAB /* Sources */ = {
			isa = PBXSourcesBuildPhase;
			buildActionMask = 2147483647;
			files = (
				F0041ACF19252D7E0093FEAB /* SHViewPagerExampleTests.m in Sources */,
			);
			runOnlyForDeploymentPostprocessing = 0;
		};
/* End PBXSourcesBuildPhase section */

/* Begin PBXTargetDependency section */
		F0041AC719252D7E0093FEAB /* PBXTargetDependency */ = {
			isa = PBXTargetDependency;
			target = F0041AA519252D7E0093FEAB /* SHViewPagerExample */;
			targetProxy = F0041AC619252D7E0093FEAB /* PBXContainerItemProxy */;
		};
/* End PBXTargetDependency section */

/* Begin PBXVariantGroup section */
		F0041AB219252D7E0093FEAB /* InfoPlist.strings */ = {
			isa = PBXVariantGroup;
			children = (
				F0041AB319252D7E0093FEAB /* en */,
			);
			name = InfoPlist.strings;
			sourceTree = "<group>";
		};
		F0041ACB19252D7E0093FEAB /* InfoPlist.strings */ = {
			isa = PBXVariantGroup;
			children = (
				F0041ACC19252D7E0093FEAB /* en */,
			);
			name = InfoPlist.strings;
			sourceTree = "<group>";
		};
/* End PBXVariantGroup section */

/* Begin XCBuildConfiguration section */
		F0041AD019252D7E0093FEAB /* Debug */ = {
			isa = XCBuildConfiguration;
			buildSettings = {
				ALWAYS_SEARCH_USER_PATHS = NO;
				CLANG_CXX_LANGUAGE_STANDARD = "gnu++0x";
				CLANG_CXX_LIBRARY = "libc++";
				CLANG_ENABLE_MODULES = YES;
				CLANG_ENABLE_OBJC_ARC = YES;
				CLANG_WARN_BOOL_CONVERSION = YES;
				CLANG_WARN_CONSTANT_CONVERSION = YES;
				CLANG_WARN_DIRECT_OBJC_ISA_USAGE = YES_ERROR;
				CLANG_WARN_EMPTY_BODY = YES;
				CLANG_WARN_ENUM_CONVERSION = YES;
				CLANG_WARN_INT_CONVERSION = YES;
				CLANG_WARN_OBJC_ROOT_CLASS = YES_ERROR;
				CLANG_WARN__DUPLICATE_METHOD_MATCH = YES;
				"CODE_SIGN_IDENTITY[sdk=iphoneos*]" = "iPhone Developer";
				COPY_PHASE_STRIP = NO;
				ENABLE_TESTABILITY = YES;
				GCC_C_LANGUAGE_STANDARD = gnu99;
				GCC_DYNAMIC_NO_PIC = NO;
				GCC_OPTIMIZATION_LEVEL = 0;
				GCC_PREPROCESSOR_DEFINITIONS = (
					"DEBUG=1",
					"$(inherited)",
				);
				GCC_SYMBOLS_PRIVATE_EXTERN = NO;
				GCC_WARN_64_TO_32_BIT_CONVERSION = YES;
				GCC_WARN_ABOUT_RETURN_TYPE = YES_ERROR;
				GCC_WARN_UNDECLARED_SELECTOR = YES;
				GCC_WARN_UNINITIALIZED_AUTOS = YES_AGGRESSIVE;
				GCC_WARN_UNUSED_FUNCTION = YES;
				GCC_WARN_UNUSED_VARIABLE = YES;
				IPHONEOS_DEPLOYMENT_TARGET = 7.1;
				ONLY_ACTIVE_ARCH = YES;
				SDKROOT = iphoneos;
			};
			name = Debug;
		};
		F0041AD119252D7E0093FEAB /* Release */ = {
			isa = XCBuildConfiguration;
			buildSettings = {
				ALWAYS_SEARCH_USER_PATHS = NO;
				CLANG_CXX_LANGUAGE_STANDARD = "gnu++0x";
				CLANG_CXX_LIBRARY = "libc++";
				CLANG_ENABLE_MODULES = YES;
				CLANG_ENABLE_OBJC_ARC = YES;
				CLANG_WARN_BOOL_CONVERSION = YES;
				CLANG_WARN_CONSTANT_CONVERSION = YES;
				CLANG_WARN_DIRECT_OBJC_ISA_USAGE = YES_ERROR;
				CLANG_WARN_EMPTY_BODY = YES;
				CLANG_WARN_ENUM_CONVERSION = YES;
				CLANG_WARN_INT_CONVERSION = YES;
				CLANG_WARN_OBJC_ROOT_CLASS = YES_ERROR;
				CLANG_WARN__DUPLICATE_METHOD_MATCH = YES;
				"CODE_SIGN_IDENTITY[sdk=iphoneos*]" = "iPhone Developer";
				COPY_PHASE_STRIP = YES;
				ENABLE_NS_ASSERTIONS = NO;
				GCC_C_LANGUAGE_STANDARD = gnu99;
				GCC_WARN_64_TO_32_BIT_CONVERSION = YES;
				GCC_WARN_ABOUT_RETURN_TYPE = YES_ERROR;
				GCC_WARN_UNDECLARED_SELECTOR = YES;
				GCC_WARN_UNINITIALIZED_AUTOS = YES_AGGRESSIVE;
				GCC_WARN_UNUSED_FUNCTION = YES;
				GCC_WARN_UNUSED_VARIABLE = YES;
				IPHONEOS_DEPLOYMENT_TARGET = 7.1;
				SDKROOT = iphoneos;
				VALIDATE_PRODUCT = YES;
			};
			name = Release;
		};
		F0041AD319252D7E0093FEAB /* Debug */ = {
			isa = XCBuildConfiguration;
			buildSettings = {
				ASSETCATALOG_COMPILER_APPICON_NAME = AppIcon;
				ASSETCATALOG_COMPILER_LAUNCHIMAGE_NAME = LaunchImage;
				GCC_PRECOMPILE_PREFIX_HEADER = YES;
				GCC_PREFIX_HEADER = "SHViewPagerExample/SHViewPagerExample-Prefix.pch";
				INFOPLIST_FILE = "SHViewPagerExample/SHViewPagerExample-Info.plist";
				PRODUCT_BUNDLE_IDENTIFIER = "com.sh.${PRODUCT_NAME:rfc1034identifier}";
				PRODUCT_NAME = "$(TARGET_NAME)";
				WRAPPER_EXTENSION = app;
			};
			name = Debug;
		};
		F0041AD419252D7E0093FEAB /* Release */ = {
			isa = XCBuildConfiguration;
			buildSettings = {
				ASSETCATALOG_COMPILER_APPICON_NAME = AppIcon;
				ASSETCATALOG_COMPILER_LAUNCHIMAGE_NAME = LaunchImage;
				GCC_PRECOMPILE_PREFIX_HEADER = YES;
				GCC_PREFIX_HEADER = "SHViewPagerExample/SHViewPagerExample-Prefix.pch";
				INFOPLIST_FILE = "SHViewPagerExample/SHViewPagerExample-Info.plist";
				PRODUCT_BUNDLE_IDENTIFIER = "com.sh.${PRODUCT_NAME:rfc1034identifier}";
				PRODUCT_NAME = "$(TARGET_NAME)";
				WRAPPER_EXTENSION = app;
			};
			name = Release;
		};
		F0041AD619252D7E0093FEAB /* Debug */ = {
			isa = XCBuildConfiguration;
			buildSettings = {
				BUNDLE_LOADER = "$(BUILT_PRODUCTS_DIR)/SHViewPagerExample.app/SHViewPagerExample";
				FRAMEWORK_SEARCH_PATHS = (
					"$(SDKROOT)/Developer/Library/Frameworks",
					"$(inherited)",
					"$(DEVELOPER_FRAMEWORKS_DIR)",
				);
				GCC_PRECOMPILE_PREFIX_HEADER = YES;
				GCC_PREFIX_HEADER = "SHViewPagerExample/SHViewPagerExample-Prefix.pch";
				GCC_PREPROCESSOR_DEFINITIONS = (
					"DEBUG=1",
					"$(inherited)",
				);
				INFOPLIST_FILE = "SHViewPagerExampleTests/SHViewPagerExampleTests-Info.plist";
				PRODUCT_BUNDLE_IDENTIFIER = "com.sh.${PRODUCT_NAME:rfc1034identifier}";
				PRODUCT_NAME = "$(TARGET_NAME)";
				TEST_HOST = "$(BUNDLE_LOADER)";
				WRAPPER_EXTENSION = xctest;
			};
			name = Debug;
		};
		F0041AD719252D7E0093FEAB /* Release */ = {
			isa = XCBuildConfiguration;
			buildSettings = {
				BUNDLE_LOADER = "$(BUILT_PRODUCTS_DIR)/SHViewPagerExample.app/SHViewPagerExample";
				FRAMEWORK_SEARCH_PATHS = (
					"$(SDKROOT)/Developer/Library/Frameworks",
					"$(inherited)",
					"$(DEVELOPER_FRAMEWORKS_DIR)",
				);
				GCC_PRECOMPILE_PREFIX_HEADER = YES;
				GCC_PREFIX_HEADER = "SHViewPagerExample/SHViewPagerExample-Prefix.pch";
				INFOPLIST_FILE = "SHViewPagerExampleTests/SHViewPagerExampleTests-Info.plist";
				PRODUCT_BUNDLE_IDENTIFIER = "com.sh.${PRODUCT_NAME:rfc1034identifier}";
				PRODUCT_NAME = "$(TARGET_NAME)";
				TEST_HOST = "$(BUNDLE_LOADER)";
				WRAPPER_EXTENSION = xctest;
			};
			name = Release;
		};
/* End XCBuildConfiguration section */

/* Begin XCConfigurationList section */
		F0041AA119252D7D0093FEAB /* Build configuration list for PBXProject "SHViewPagerExample" */ = {
			isa = XCConfigurationList;
			buildConfigurations = (
				F0041AD019252D7E0093FEAB /* Debug */,
				F0041AD119252D7E0093FEAB /* Release */,
			);
			defaultConfigurationIsVisible = 0;
			defaultConfigurationName = Release;
		};
		F0041AD219252D7E0093FEAB /* Build configuration list for PBXNativeTarget "SHViewPagerExample" */ = {
			isa = XCConfigurationList;
			buildConfigurations = (
				F0041AD319252D7E0093FEAB /* Debug */,
				F0041AD419252D7E0093FEAB /* Release */,
			);
			defaultConfigurationIsVisible = 0;
			defaultConfigurationName = Release;
		};
		F0041AD519252D7E0093FEAB /* Build configuration list for PBXNativeTarget "SHViewPagerExampleTests" */ = {
			isa = XCConfigurationList;
			buildConfigurations = (
				F0041AD619252D7E0093FEAB /* Debug */,
				F0041AD719252D7E0093FEAB /* Release */,
			);
			defaultConfigurationIsVisible = 0;
			defaultConfigurationName = Release;
		};
/* End XCConfigurationList section */
	};
	rootObject = F0041A9E19252D7D0093FEAB /* Project object */;
}
